// !$*UTF8*$!
{
	archiveVersion = 1;
	classes = {
	};
	objectVersion = 55;
	objects = {

/* Begin PBXBuildFile section */
		E0DCB83A2911AA4E00525602 /* main.cpp in Sources */ = {isa = PBXBuildFile; fileRef = E0DCB8392911AA4E00525602 /* main.cpp */; };
		E0DCB8452911AB4300525602 /* ground.cpp in Sources */ = {isa = PBXBuildFile; fileRef = E0DCB8432911AB4300525602 /* ground.cpp */; };
		E0DCB8492911AD5D00525602 /* GLUT.framework in Frameworks */ = {isa = PBXBuildFile; fileRef = E0DCB8482911AD5D00525602 /* GLUT.framework */; };
		E0DCB84B2911ADFA00525602 /* OpenGL.framework in Frameworks */ = {isa = PBXBuildFile; fileRef = E0DCB84A2911ADFA00525602 /* OpenGL.framework */; };
/* End PBXBuildFile section */

/* Begin PBXCopyFilesBuildPhase section */
		E0DCB8342911AA4E00525602 /* CopyFiles */ = {
			isa = PBXCopyFilesBuildPhase;
			buildActionMask = 2147483647;
			dstPath = /usr/share/man/man1/;
			dstSubfolderSpec = 0;
			files = (
			);
			runOnlyForDeploymentPostprocessing = 1;
		};
/* End PBXCopyFilesBuildPhase section */

/* Begin PBXFileReference section */
		E0DCB8362911AA4E00525602 /* try_glut */ = {isa = PBXFileReference; explicitFileType = "compiled.mach-o.executable"; includeInIndex = 0; path = try_glut; sourceTree = BUILT_PRODUCTS_DIR; };
		E0DCB8392911AA4E00525602 /* main.cpp */ = {isa = PBXFileReference; lastKnownFileType = sourcecode.cpp.cpp; path = main.cpp; sourceTree = "<group>"; };
		E0DCB8412911AAE000525602 /* libglfw.3.3.dylib */ = {isa = PBXFileReference; lastKnownFileType = "compiled.mach-o.dylib"; name = libglfw.3.3.dylib; path = ../../../../../../../opt/local/lib/libglfw.3.3.dylib; sourceTree = "<group>"; };
		E0DCB8432911AB4300525602 /* ground.cpp */ = {isa = PBXFileReference; lastKnownFileType = sourcecode.cpp.cpp; path = ground.cpp; sourceTree = "<group>"; };
		E0DCB8442911AB4300525602 /* ground.hpp */ = {isa = PBXFileReference; lastKnownFileType = sourcecode.cpp.h; path = ground.hpp; sourceTree = "<group>"; };
		E0DCB8462911AC8800525602 /* include */ = {isa = PBXFileReference; lastKnownFileType = folder; name = include; path = ../../../../../../../opt/local/include; sourceTree = "<group>"; };
		E0DCB8482911AD5D00525602 /* GLUT.framework */ = {isa = PBXFileReference; lastKnownFileType = wrapper.framework; name = GLUT.framework; path = System/Library/Frameworks/GLUT.framework; sourceTree = SDKROOT; };
		E0DCB84A2911ADFA00525602 /* OpenGL.framework */ = {isa = PBXFileReference; lastKnownFileType = wrapper.framework; name = OpenGL.framework; path = System/Library/Frameworks/OpenGL.framework; sourceTree = SDKROOT; };
/* End PBXFileReference section */

/* Begin PBXFrameworksBuildPhase section */
		E0DCB8332911AA4E00525602 /* Frameworks */ = {
			isa = PBXFrameworksBuildPhase;
			buildActionMask = 2147483647;
			files = (
				E0DCB84B2911ADFA00525602 /* OpenGL.framework in Frameworks */,
				E0DCB8492911AD5D00525602 /* GLUT.framework in Frameworks */,
			);
			runOnlyForDeploymentPostprocessing = 0;
		};
/* End PBXFrameworksBuildPhase section */

/* Begin PBXGroup section */
		E0DCB82D2911AA4E00525602 = {
			isa = PBXGroup;
			children = (
				E0DCB8382911AA4E00525602 /* try_glut */,
				E0DCB8372911AA4E00525602 /* Products */,
				E0DCB8402911AAE000525602 /* Frameworks */,
			);
			sourceTree = "<group>";
		};
		E0DCB8372911AA4E00525602 /* Products */ = {
			isa = PBXGroup;
			children = (
				E0DCB8362911AA4E00525602 /* try_glut */,
			);
			name = Products;
			sourceTree = "<group>";
		};
		E0DCB8382911AA4E00525602 /* try_glut */ = {
			isa = PBXGroup;
			children = (
				E0DCB8392911AA4E00525602 /* main.cpp */,
				E0DCB8432911AB4300525602 /* ground.cpp */,
				E0DCB8442911AB4300525602 /* ground.hpp */,
			);
			path = try_glut;
			sourceTree = "<group>";
		};
		E0DCB8402911AAE000525602 /* Frameworks */ = {
			isa = PBXGroup;
			children = (
				E0DCB84A2911ADFA00525602 /* OpenGL.framework */,
				E0DCB8482911AD5D00525602 /* GLUT.framework */,
				E0DCB8462911AC8800525602 /* include */,
				E0DCB8412911AAE000525602 /* libglfw.3.3.dylib */,
			);
			name = Frameworks;
			sourceTree = "<group>";
		};
/* End PBXGroup section */

/* Begin PBXNativeTarget section */
		E0DCB8352911AA4E00525602 /* try_glut */ = {
			isa = PBXNativeTarget;
			buildConfigurationList = E0DCB83D2911AA4E00525602 /* Build configuration list for PBXNativeTarget "try_glut" */;
			buildPhases = (
				E0DCB8322911AA4E00525602 /* Sources */,
				E0DCB8332911AA4E00525602 /* Frameworks */,
				E0DCB8342911AA4E00525602 /* CopyFiles */,
			);
			buildRules = (
			);
			dependencies = (
			);
			name = try_glut;
			productName = try_glut;
			productReference = E0DCB8362911AA4E00525602 /* try_glut */;
			productType = "com.apple.product-type.tool";
		};
/* End PBXNativeTarget section */

/* Begin PBXProject section */
		E0DCB82E2911AA4E00525602 /* Project object */ = {
			isa = PBXProject;
			attributes = {
				BuildIndependentTargetsInParallel = 1;
				LastUpgradeCheck = 1330;
				TargetAttributes = {
					E0DCB8352911AA4E00525602 = {
						CreatedOnToolsVersion = 13.3.1;
					};
				};
			};
			buildConfigurationList = E0DCB8312911AA4E00525602 /* Build configuration list for PBXProject "try_glut" */;
			compatibilityVersion = "Xcode 13.0";
			developmentRegion = en;
			hasScannedForEncodings = 0;
			knownRegions = (
				en,
				Base,
			);
			mainGroup = E0DCB82D2911AA4E00525602;
			productRefGroup = E0DCB8372911AA4E00525602 /* Products */;
			projectDirPath = "";
			projectRoot = "";
			targets = (
				E0DCB8352911AA4E00525602 /* try_glut */,
			);
		};
/* End PBXProject section */

/* Begin PBXSourcesBuildPhase section */
		E0DCB8322911AA4E00525602 /* Sources */ = {
			isa = PBXSourcesBuildPhase;
			buildActionMask = 2147483647;
			files = (
				E0DCB8452911AB4300525602 /* ground.cpp in Sources */,
				E0DCB83A2911AA4E00525602 /* main.cpp in Sources */,
			);
			runOnlyForDeploymentPostprocessing = 0;
		};
/* End PBXSourcesBuildPhase section */

/* Begin XCBuildConfiguration section */
		E0DCB83B2911AA4E00525602 /* Debug */ = {
			isa = XCBuildConfiguration;
			buildSettings = {
				ALWAYS_SEARCH_USER_PATHS = NO;
				CLANG_ANALYZER_NONNULL = YES;
				CLANG_ANALYZER_NUMBER_OBJECT_CONVERSION = YES_AGGRESSIVE;
				CLANG_CXX_LANGUAGE_STANDARD = "gnu++17";
				CLANG_ENABLE_MODULES = YES;
				CLANG_ENABLE_OBJC_ARC = YES;
				CLANG_ENABLE_OBJC_WEAK = YES;
				CLANG_WARN_BLOCK_CAPTURE_AUTORELEASING = YES;
				CLANG_WARN_BOOL_CONVERSION = YES;
				CLANG_WARN_COMMA = YES;
				CLANG_WARN_CONSTANT_CONVERSION = YES;
				CLANG_WARN_DEPRECATED_OBJC_IMPLEMENTATIONS = YES;
				CLANG_WARN_DIRECT_OBJC_ISA_USAGE = YES_ERROR;
				CLANG_WARN_DOCUMENTATION_COMMENTS = YES;
				CLANG_WARN_EMPTY_BODY = YES;
				CLANG_WARN_ENUM_CONVERSION = YES;
				CLANG_WARN_INFINITE_RECURSION = YES;
				CLANG_WARN_INT_CONVERSION = YES;
				CLANG_WARN_NON_LITERAL_NULL_CONVERSION = YES;
				CLANG_WARN_OBJC_IMPLICIT_RETAIN_SELF = YES;
				CLANG_WARN_OBJC_LITERAL_CONVERSION = YES;
				CLANG_WARN_OBJC_ROOT_CLASS = YES_ERROR;
				CLANG_WARN_QUOTED_INCLUDE_IN_FRAMEWORK_HEADER = YES;
				CLANG_WARN_RANGE_LOOP_ANALYSIS = YES;
				CLANG_WARN_STRICT_PROTOTYPES = YES;
				CLANG_WARN_SUSPICIOUS_MOVE = YES;
				CLANG_WARN_UNGUARDED_AVAILABILITY = YES_AGGRESSIVE;
				CLANG_WARN_UNREACHABLE_CODE = YES;
				CLANG_WARN__DUPLICATE_METHOD_MATCH = YES;
				COPY_PHASE_STRIP = NO;
				DEBUG_INFORMATION_FORMAT = dwarf;
				ENABLE_STRICT_OBJC_MSGSEND = YES;
				ENABLE_TESTABILITY = YES;
				GCC_C_LANGUAGE_STANDARD = gnu11;
				GCC_DYNAMIC_NO_PIC = NO;
				GCC_NO_COMMON_BLOCKS = YES;
				GCC_OPTIMIZATION_LEVEL = 0;
				GCC_PREPROCESSOR_DEFINITIONS = (
					"DEBUG=1",
					"$(inherited)",
				);
				GCC_WARN_64_TO_32_BIT_CONVERSION = YES;
				GCC_WARN_ABOUT_RETURN_TYPE = YES_ERROR;
				GCC_WARN_UNDECLARED_SELECTOR = YES;
				GCC_WARN_UNINITIALIZED_AUTOS = YES_AGGRESSIVE;
				GCC_WARN_UNUSED_FUNCTION = YES;
				GCC_WARN_UNUSED_VARIABLE = YES;
				MACOSX_DEPLOYMENT_TARGET = 12.3;
				MTL_ENABLE_DEBUG_INFO = INCLUDE_SOURCE;
				MTL_FAST_MATH = YES;
				ONLY_ACTIVE_ARCH = YES;
				SDKROOT = macosx;
			};
			name = Debug;
		};
		E0DCB83C2911AA4E00525602 /* Release */ = {
			isa = XCBuildConfiguration;
			buildSettings = {
				ALWAYS_SEARCH_USER_PATHS = NO;
				CLANG_ANALYZER_NONNULL = YES;
				CLANG_ANALYZER_NUMBER_OBJECT_CONVERSION = YES_AGGRESSIVE;
				CLANG_CXX_LANGUAGE_STANDARD = "gnu++17";
				CLANG_ENABLE_MODULES = YES;
				CLANG_ENABLE_OBJC_ARC = YES;
				CLANG_ENABLE_OBJC_WEAK = YES;
				CLANG_WARN_BLOCK_CAPTURE_AUTORELEASING = YES;
				CLANG_WARN_BOOL_CONVERSION = YES;
				CLANG_WARN_COMMA = YES;
				CLANG_WARN_CONSTANT_CONVERSION = YES;
				CLANG_WARN_DEPRECATED_OBJC_IMPLEMENTATIONS = YES;
				CLANG_WARN_DIRECT_OBJC_ISA_USAGE = YES_ERROR;
				CLANG_WARN_DOCUMENTATION_COMMENTS = YES;
				CLANG_WARN_EMPTY_BODY = YES;
				CLANG_WARN_ENUM_CONVERSION = YES;
				CLANG_WARN_INFINITE_RECURSION = YES;
				CLANG_WARN_INT_CONVERSION = YES;
				CLANG_WARN_NON_LITERAL_NULL_CONVERSION = YES;
				CLANG_WARN_OBJC_IMPLICIT_RETAIN_SELF = YES;
				CLANG_WARN_OBJC_LITERAL_CONVERSION = YES;
				CLANG_WARN_OBJC_ROOT_CLASS = YES_ERROR;
				CLANG_WARN_QUOTED_INCLUDE_IN_FRAMEWORK_HEADER = YES;
				CLANG_WARN_RANGE_LOOP_ANALYSIS = YES;
				CLANG_WARN_STRICT_PROTOTYPES = YES;
				CLANG_WARN_SUSPICIOUS_MOVE = YES;
				CLANG_WARN_UNGUARDED_AVAILABILITY = YES_AGGRESSIVE;
				CLANG_WARN_UNREACHABLE_CODE = YES;
				CLANG_WARN__DUPLICATE_METHOD_MATCH = YES;
				COPY_PHASE_STRIP = NO;
				DEBUG_INFORMATION_FORMAT = "dwarf-with-dsym";
				ENABLE_NS_ASSERTIONS = NO;
				ENABLE_STRICT_OBJC_MSGSEND = YES;
				GCC_C_LANGUAGE_STANDARD = gnu11;
				GCC_NO_COMMON_BLOCKS = YES;
				GCC_WARN_64_TO_32_BIT_CONVERSION = YES;
				GCC_WARN_ABOUT_RETURN_TYPE = YES_ERROR;
				GCC_WARN_UNDECLARED_SELECTOR = YES;
				GCC_WARN_UNINITIALIZED_AUTOS = YES_AGGRESSIVE;
				GCC_WARN_UNUSED_FUNCTION = YES;
				GCC_WARN_UNUSED_VARIABLE = YES;
				MACOSX_DEPLOYMENT_TARGET = 12.3;
				MTL_ENABLE_DEBUG_INFO = NO;
				MTL_FAST_MATH = YES;
				SDKROOT = macosx;
			};
			name = Release;
		};
		E0DCB83E2911AA4E00525602 /* Debug */ = {
			isa = XCBuildConfiguration;
			buildSettings = {
				CODE_SIGN_STYLE = Automatic;
				HEADER_SEARCH_PATHS = /opt/local/include/;
				LIBRARY_SEARCH_PATHS = (
					"$(inherited)",
					/opt/local/lib,
				);
				PRODUCT_NAME = "$(TARGET_NAME)";
				USER_HEADER_SEARCH_PATHS = /Users/qianhuangli/Desktop/Fall/EA/aassignment3/try_glut/try_glut;
			};
			name = Debug;
		};
		E0DCB83F2911AA4E00525602 /* Release */ = {
			isa = XCBuildConfiguration;
			buildSettings = {
				CODE_SIGN_STYLE = Automatic;
				HEADER_SEARCH_PATHS = /opt/local/include/;
				LIBRARY_SEARCH_PATHS = (
					"$(inherited)",
					/opt/local/lib,
				);
				PRODUCT_NAME = "$(TARGET_NAME)";
				USER_HEADER_SEARCH_PATHS = /Users/qianhuangli/Desktop/Fall/EA/aassignment3/try_glut/try_glut;
			};
			name = Release;
		};
/* End XCBuildConfiguration section */

/* Begin XCConfigurationList section */
		E0DCB8312911AA4E00525602 /* Build configuration list for PBXProject "try_glut" */ = {
			isa = XCConfigurationList;
			buildConfigurations = (
				E0DCB83B2911AA4E00525602 /* Debug */,
				E0DCB83C2911AA4E00525602 /* Release */,
			);
			defaultConfigurationIsVisible = 0;
			defaultConfigurationName = Release;
		};
		E0DCB83D2911AA4E00525602 /* Build configuration list for PBXNativeTarget "try_glut" */ = {
			isa = XCConfigurationList;
			buildConfigurations = (
				E0DCB83E2911AA4E00525602 /* Debug */,
				E0DCB83F2911AA4E00525602 /* Release */,
			);
			defaultConfigurationIsVisible = 0;
			defaultConfigurationName = Release;
		};
/* End XCConfigurationList section */
	};
	rootObject = E0DCB82E2911AA4E00525602 /* Project object */;
}
