// !$*UTF8*$!
{
	archiveVersion = 1;
	classes = {
	};
	objectVersion = 55;
	objects = {

/* Begin PBXBuildFile section */
		E05CB8262911E9F6006DA003 /* OpenGL.framework in Frameworks */ = {isa = PBXBuildFile; fileRef = E05CB8252911E9F6006DA003 /* OpenGL.framework */; };
		E05CB8282911E9FD006DA003 /* GLUT.framework in Frameworks */ = {isa = PBXBuildFile; fileRef = E05CB8272911E9FD006DA003 /* GLUT.framework */; };
		E05CB82B2911EB92006DA003 /* ground.cpp in Sources */ = {isa = PBXBuildFile; fileRef = E05CB82A2911EB92006DA003 /* ground.cpp */; };
		E0664EDF291AE29A00EE059E /* Robot.cpp in Sources */ = {isa = PBXBuildFile; fileRef = E0664EDE291AE29A00EE059E /* Robot.cpp */; };
		E0664EE7291AE2F000EE059E /* SimulatorBase.cpp in Sources */ = {isa = PBXBuildFile; fileRef = E0664EE3291AE2F000EE059E /* SimulatorBase.cpp */; };
		E0664EE8291AE2F000EE059E /* Visualize.cpp in Sources */ = {isa = PBXBuildFile; fileRef = E0664EE6291AE2F000EE059E /* Visualize.cpp */; };
		E06F01B1290F1A8000FF9687 /* main.cpp in Sources */ = {isa = PBXBuildFile; fileRef = E06F01B0290F1A8000FF9687 /* main.cpp */; };
		E06F01C2290F202800FF9687 /* glad.c in Sources */ = {isa = PBXBuildFile; fileRef = E06F01C1290F202800FF9687 /* glad.c */; };
		E0D1B1E52921DC0300632A2A /* Evo_func.cpp in Sources */ = {isa = PBXBuildFile; fileRef = E0D1B1E32921DC0300632A2A /* Evo_func.cpp */; };
/* End PBXBuildFile section */

/* Begin PBXCopyFilesBuildPhase section */
		E06F01AB290F1A8000FF9687 /* CopyFiles */ = {
			isa = PBXCopyFilesBuildPhase;
			buildActionMask = 2147483647;
			dstPath = /usr/share/man/man1/;
			dstSubfolderSpec = 0;
			files = (
			);
			runOnlyForDeploymentPostprocessing = 1;
		};
/* End PBXCopyFilesBuildPhase section */

/* Begin PBXFileReference section */
		E05CB8252911E9F6006DA003 /* OpenGL.framework */ = {isa = PBXFileReference; lastKnownFileType = wrapper.framework; name = OpenGL.framework; path = System/Library/Frameworks/OpenGL.framework; sourceTree = SDKROOT; };
		E05CB8272911E9FD006DA003 /* GLUT.framework */ = {isa = PBXFileReference; lastKnownFileType = wrapper.framework; name = GLUT.framework; path = System/Library/Frameworks/GLUT.framework; sourceTree = SDKROOT; };
		E05CB8292911EB88006DA003 /* ground.hpp */ = {isa = PBXFileReference; fileEncoding = 4; lastKnownFileType = sourcecode.cpp.h; path = ground.hpp; sourceTree = "<group>"; };
		E05CB82A2911EB92006DA003 /* ground.cpp */ = {isa = PBXFileReference; fileEncoding = 4; lastKnownFileType = sourcecode.cpp.cpp; path = ground.cpp; sourceTree = "<group>"; };
		E0664EDE291AE29A00EE059E /* Robot.cpp */ = {isa = PBXFileReference; fileEncoding = 4; lastKnownFileType = sourcecode.cpp.cpp; path = Robot.cpp; sourceTree = "<group>"; };
		E0664EE0291AE29F00EE059E /* Robot.hpp */ = {isa = PBXFileReference; lastKnownFileType = sourcecode.cpp.h; path = Robot.hpp; sourceTree = "<group>"; };
		E0664EE1291AE2AB00EE059E /* 6.2.coordinate_systems.fs.txt */ = {isa = PBXFileReference; lastKnownFileType = text; path = 6.2.coordinate_systems.fs.txt; sourceTree = "<group>"; };
		E0664EE2291AE2B300EE059E /* 6.2.coordinate_systems.vs.txt */ = {isa = PBXFileReference; lastKnownFileType = text; path = 6.2.coordinate_systems.vs.txt; sourceTree = "<group>"; };
		E0664EE3291AE2F000EE059E /* SimulatorBase.cpp */ = {isa = PBXFileReference; fileEncoding = 4; lastKnownFileType = sourcecode.cpp.cpp; path = SimulatorBase.cpp; sourceTree = "<group>"; };
		E0664EE4291AE2F000EE059E /* SimulatorBase.hpp */ = {isa = PBXFileReference; fileEncoding = 4; lastKnownFileType = sourcecode.cpp.h; path = SimulatorBase.hpp; sourceTree = "<group>"; };
		E0664EE5291AE2F000EE059E /* Visualize.hpp */ = {isa = PBXFileReference; fileEncoding = 4; lastKnownFileType = sourcecode.cpp.h; path = Visualize.hpp; sourceTree = "<group>"; };
		E0664EE6291AE2F000EE059E /* Visualize.cpp */ = {isa = PBXFileReference; fileEncoding = 4; lastKnownFileType = sourcecode.cpp.cpp; path = Visualize.cpp; sourceTree = "<group>"; };
		E06F01AD290F1A8000FF9687 /* sim_try */ = {isa = PBXFileReference; explicitFileType = "compiled.mach-o.executable"; includeInIndex = 0; path = sim_try; sourceTree = BUILT_PRODUCTS_DIR; };
		E06F01B0290F1A8000FF9687 /* main.cpp */ = {isa = PBXFileReference; lastKnownFileType = sourcecode.cpp.cpp; path = main.cpp; sourceTree = "<group>"; };
		E06F01BF290F1EB300FF9687 /* libglfw.3.3.dylib */ = {isa = PBXFileReference; lastKnownFileType = "compiled.mach-o.dylib"; name = libglfw.3.3.dylib; path = ../../../../../../../opt/local/lib/libglfw.3.3.dylib; sourceTree = "<group>"; };
		E06F01C1290F202800FF9687 /* glad.c */ = {isa = PBXFileReference; fileEncoding = 4; lastKnownFileType = sourcecode.c.c; path = glad.c; sourceTree = "<group>"; };
		E0D1B1E32921DC0300632A2A /* Evo_func.cpp */ = {isa = PBXFileReference; lastKnownFileType = sourcecode.cpp.cpp; path = Evo_func.cpp; sourceTree = "<group>"; };
		E0D1B1E42921DC0300632A2A /* Evo_func.hpp */ = {isa = PBXFileReference; lastKnownFileType = sourcecode.cpp.h; path = Evo_func.hpp; sourceTree = "<group>"; };
/* End PBXFileReference section */

/* Begin PBXFrameworksBuildPhase section */
		E06F01AA290F1A8000FF9687 /* Frameworks */ = {
			isa = PBXFrameworksBuildPhase;
			buildActionMask = 2147483647;
			files = (
				E05CB8282911E9FD006DA003 /* GLUT.framework in Frameworks */,
				E05CB8262911E9F6006DA003 /* OpenGL.framework in Frameworks */,
			);
			runOnlyForDeploymentPostprocessing = 0;
		};
/* End PBXFrameworksBuildPhase section */

/* Begin PBXGroup section */
		E06F01A4290F1A8000FF9687 = {
			isa = PBXGroup;
			children = (
				E06F01C1290F202800FF9687 /* glad.c */,
				E06F01AF290F1A8000FF9687 /* sim_try */,
				E06F01AE290F1A8000FF9687 /* Products */,
				E06F01BE290F1EB300FF9687 /* Frameworks */,
			);
			sourceTree = "<group>";
		};
		E06F01AE290F1A8000FF9687 /* Products */ = {
			isa = PBXGroup;
			children = (
				E06F01AD290F1A8000FF9687 /* sim_try */,
			);
			name = Products;
			sourceTree = "<group>";
		};
		E06F01AF290F1A8000FF9687 /* sim_try */ = {
			isa = PBXGroup;
			children = (
				E06F01B0290F1A8000FF9687 /* main.cpp */,
				E0D1B1E32921DC0300632A2A /* Evo_func.cpp */,
				E0D1B1E42921DC0300632A2A /* Evo_func.hpp */,
				E0664EDE291AE29A00EE059E /* Robot.cpp */,
				E0664EE0291AE29F00EE059E /* Robot.hpp */,
				E05CB8292911EB88006DA003 /* ground.hpp */,
				E05CB82A2911EB92006DA003 /* ground.cpp */,
				E0664EE1291AE2AB00EE059E /* 6.2.coordinate_systems.fs.txt */,
				E0664EE2291AE2B300EE059E /* 6.2.coordinate_systems.vs.txt */,
				E0664EE3291AE2F000EE059E /* SimulatorBase.cpp */,
				E0664EE4291AE2F000EE059E /* SimulatorBase.hpp */,
				E0664EE6291AE2F000EE059E /* Visualize.cpp */,
				E0664EE5291AE2F000EE059E /* Visualize.hpp */,
			);
			path = sim_try;
			sourceTree = "<group>";
		};
		E06F01BE290F1EB300FF9687 /* Frameworks */ = {
			isa = PBXGroup;
			children = (
				E05CB8272911E9FD006DA003 /* GLUT.framework */,
				E05CB8252911E9F6006DA003 /* OpenGL.framework */,
				E06F01BF290F1EB300FF9687 /* libglfw.3.3.dylib */,
			);
			name = Frameworks;
			sourceTree = "<group>";
		};
/* End PBXGroup section */

/* Begin PBXNativeTarget section */
		E06F01AC290F1A8000FF9687 /* sim_try */ = {
			isa = PBXNativeTarget;
			buildConfigurationList = E06F01B4290F1A8000FF9687 /* Build configuration list for PBXNativeTarget "sim_try" */;
			buildPhases = (
				E06F01A9290F1A8000FF9687 /* Sources */,
				E06F01AA290F1A8000FF9687 /* Frameworks */,
				E06F01AB290F1A8000FF9687 /* CopyFiles */,
			);
			buildRules = (
			);
			dependencies = (
			);
			name = sim_try;
			productName = sim_try;
			productReference = E06F01AD290F1A8000FF9687 /* sim_try */;
			productType = "com.apple.product-type.tool";
		};
/* End PBXNativeTarget section */

/* Begin PBXProject section */
		E06F01A5290F1A8000FF9687 /* Project object */ = {
			isa = PBXProject;
			attributes = {
				BuildIndependentTargetsInParallel = 1;
				LastUpgradeCheck = 1330;
				TargetAttributes = {
					E06F01AC290F1A8000FF9687 = {
						CreatedOnToolsVersion = 13.3.1;
					};
				};
			};
			buildConfigurationList = E06F01A8290F1A8000FF9687 /* Build configuration list for PBXProject "sim_try" */;
			compatibilityVersion = "Xcode 13.0";
			developmentRegion = en;
			hasScannedForEncodings = 0;
			knownRegions = (
				en,
				Base,
			);
			mainGroup = E06F01A4290F1A8000FF9687;
			productRefGroup = E06F01AE290F1A8000FF9687 /* Products */;
			projectDirPath = "";
			projectRoot = "";
			targets = (
				E06F01AC290F1A8000FF9687 /* sim_try */,
			);
		};
/* End PBXProject section */

/* Begin PBXSourcesBuildPhase section */
		E06F01A9290F1A8000FF9687 /* Sources */ = {
			isa = PBXSourcesBuildPhase;
			buildActionMask = 2147483647;
			files = (
				E0664EDF291AE29A00EE059E /* Robot.cpp in Sources */,
				E0664EE7291AE2F000EE059E /* SimulatorBase.cpp in Sources */,
				E0664EE8291AE2F000EE059E /* Visualize.cpp in Sources */,
				E0D1B1E52921DC0300632A2A /* Evo_func.cpp in Sources */,
				E06F01B1290F1A8000FF9687 /* main.cpp in Sources */,
				E06F01C2290F202800FF9687 /* glad.c in Sources */,
				E05CB82B2911EB92006DA003 /* ground.cpp in Sources */,
			);
			runOnlyForDeploymentPostprocessing = 0;
		};
/* End PBXSourcesBuildPhase section */

/* Begin XCBuildConfiguration section */
		E06F01B2290F1A8000FF9687 /* Debug */ = {
			isa = XCBuildConfiguration;
			buildSettings = {
				ALWAYS_SEARCH_USER_PATHS = NO;
				CLANG_ANALYZER_NONNULL = YES;
				CLANG_ANALYZER_NUMBER_OBJECT_CONVERSION = YES_AGGRESSIVE;
				CLANG_CXX_LANGUAGE_STANDARD = "gnu++17";
				CLANG_ENABLE_MODULES = YES;
				CLANG_ENABLE_OBJC_ARC = YES;
				CLANG_ENABLE_OBJC_WEAK = YES;
				CLANG_WARN_BLOCK_CAPTURE_AUTORELEASING = YES;
				CLANG_WARN_BOOL_CONVERSION = YES;
				CLANG_WARN_COMMA = YES;
				CLANG_WARN_CONSTANT_CONVERSION = YES;
				CLANG_WARN_DEPRECATED_OBJC_IMPLEMENTATIONS = YES;
				CLANG_WARN_DIRECT_OBJC_ISA_USAGE = YES_ERROR;
				CLANG_WARN_DOCUMENTATION_COMMENTS = YES;
				CLANG_WARN_EMPTY_BODY = YES;
				CLANG_WARN_ENUM_CONVERSION = YES;
				CLANG_WARN_INFINITE_RECURSION = YES;
				CLANG_WARN_INT_CONVERSION = YES;
				CLANG_WARN_NON_LITERAL_NULL_CONVERSION = YES;
				CLANG_WARN_OBJC_IMPLICIT_RETAIN_SELF = YES;
				CLANG_WARN_OBJC_LITERAL_CONVERSION = YES;
				CLANG_WARN_OBJC_ROOT_CLASS = YES_ERROR;
				CLANG_WARN_QUOTED_INCLUDE_IN_FRAMEWORK_HEADER = YES;
				CLANG_WARN_RANGE_LOOP_ANALYSIS = YES;
				CLANG_WARN_STRICT_PROTOTYPES = YES;
				CLANG_WARN_SUSPICIOUS_MOVE = YES;
				CLANG_WARN_UNGUARDED_AVAILABILITY = YES_AGGRESSIVE;
				CLANG_WARN_UNREACHABLE_CODE = YES;
				CLANG_WARN__DUPLICATE_METHOD_MATCH = YES;
				COPY_PHASE_STRIP = NO;
				DEBUG_INFORMATION_FORMAT = dwarf;
				ENABLE_STRICT_OBJC_MSGSEND = YES;
				ENABLE_TESTABILITY = YES;
				GCC_C_LANGUAGE_STANDARD = gnu11;
				GCC_DYNAMIC_NO_PIC = NO;
				GCC_NO_COMMON_BLOCKS = YES;
				GCC_OPTIMIZATION_LEVEL = 0;
				GCC_PREPROCESSOR_DEFINITIONS = (
					"DEBUG=1",
					"$(inherited)",
				);
				GCC_WARN_64_TO_32_BIT_CONVERSION = YES;
				GCC_WARN_ABOUT_RETURN_TYPE = YES_ERROR;
				GCC_WARN_UNDECLARED_SELECTOR = YES;
				GCC_WARN_UNINITIALIZED_AUTOS = YES_AGGRESSIVE;
				GCC_WARN_UNUSED_FUNCTION = YES;
				GCC_WARN_UNUSED_VARIABLE = YES;
				MACOSX_DEPLOYMENT_TARGET = 12.3;
				MTL_ENABLE_DEBUG_INFO = INCLUDE_SOURCE;
				MTL_FAST_MATH = YES;
				ONLY_ACTIVE_ARCH = YES;
				SDKROOT = macosx;
			};
			name = Debug;
		};
		E06F01B3290F1A8000FF9687 /* Release */ = {
			isa = XCBuildConfiguration;
			buildSettings = {
				ALWAYS_SEARCH_USER_PATHS = NO;
				CLANG_ANALYZER_NONNULL = YES;
				CLANG_ANALYZER_NUMBER_OBJECT_CONVERSION = YES_AGGRESSIVE;
				CLANG_CXX_LANGUAGE_STANDARD = "gnu++17";
				CLANG_ENABLE_MODULES = YES;
				CLANG_ENABLE_OBJC_ARC = YES;
				CLANG_ENABLE_OBJC_WEAK = YES;
				CLANG_WARN_BLOCK_CAPTURE_AUTORELEASING = YES;
				CLANG_WARN_BOOL_CONVERSION = YES;
				CLANG_WARN_COMMA = YES;
				CLANG_WARN_CONSTANT_CONVERSION = YES;
				CLANG_WARN_DEPRECATED_OBJC_IMPLEMENTATIONS = YES;
				CLANG_WARN_DIRECT_OBJC_ISA_USAGE = YES_ERROR;
				CLANG_WARN_DOCUMENTATION_COMMENTS = YES;
				CLANG_WARN_EMPTY_BODY = YES;
				CLANG_WARN_ENUM_CONVERSION = YES;
				CLANG_WARN_INFINITE_RECURSION = YES;
				CLANG_WARN_INT_CONVERSION = YES;
				CLANG_WARN_NON_LITERAL_NULL_CONVERSION = YES;
				CLANG_WARN_OBJC_IMPLICIT_RETAIN_SELF = YES;
				CLANG_WARN_OBJC_LITERAL_CONVERSION = YES;
				CLANG_WARN_OBJC_ROOT_CLASS = YES_ERROR;
				CLANG_WARN_QUOTED_INCLUDE_IN_FRAMEWORK_HEADER = YES;
				CLANG_WARN_RANGE_LOOP_ANALYSIS = YES;
				CLANG_WARN_STRICT_PROTOTYPES = YES;
				CLANG_WARN_SUSPICIOUS_MOVE = YES;
				CLANG_WARN_UNGUARDED_AVAILABILITY = YES_AGGRESSIVE;
				CLANG_WARN_UNREACHABLE_CODE = YES;
				CLANG_WARN__DUPLICATE_METHOD_MATCH = YES;
				COPY_PHASE_STRIP = NO;
				DEBUG_INFORMATION_FORMAT = "dwarf-with-dsym";
				ENABLE_NS_ASSERTIONS = NO;
				ENABLE_STRICT_OBJC_MSGSEND = YES;
				GCC_C_LANGUAGE_STANDARD = gnu11;
				GCC_NO_COMMON_BLOCKS = YES;
				GCC_WARN_64_TO_32_BIT_CONVERSION = YES;
				GCC_WARN_ABOUT_RETURN_TYPE = YES_ERROR;
				GCC_WARN_UNDECLARED_SELECTOR = YES;
				GCC_WARN_UNINITIALIZED_AUTOS = YES_AGGRESSIVE;
				GCC_WARN_UNUSED_FUNCTION = YES;
				GCC_WARN_UNUSED_VARIABLE = YES;
				MACOSX_DEPLOYMENT_TARGET = 12.3;
				MTL_ENABLE_DEBUG_INFO = NO;
				MTL_FAST_MATH = YES;
				SDKROOT = macosx;
			};
			name = Release;
		};
		E06F01B5290F1A8000FF9687 /* Debug */ = {
			isa = XCBuildConfiguration;
			buildSettings = {
				CODE_SIGN_STYLE = Automatic;
				GCC_NO_COMMON_BLOCKS = NO;
				HEADER_SEARCH_PATHS = (
					/Users/qianhuangli/Desktop/Fall/EA/assignment3/EA_3/sim_try/glad/include,
					/opt/local/include,
				);
				LIBRARY_SEARCH_PATHS = (
					"$(inherited)",
					/opt/local/lib,
				);
				PRODUCT_NAME = "$(TARGET_NAME)";
				SYSTEM_HEADER_SEARCH_PATHS = (
					/opt/local/include/,
					/Users/qianhuangli/Desktop/CU_MECS4510_HW3/glad/include,
					/User/qianhuangli/Desktop/Fall/EA/assignment3/sim_try/sim_try,
				);
				USER_HEADER_SEARCH_PATHS = /Users/qianhuangli/Desktop/Fall/EA/aassignment3/sim_try/sim_try;
			};
			name = Debug;
		};
		E06F01B6290F1A8000FF9687 /* Release */ = {
			isa = XCBuildConfiguration;
			buildSettings = {
				CODE_SIGN_STYLE = Automatic;
				GCC_NO_COMMON_BLOCKS = NO;
				HEADER_SEARCH_PATHS = (
					/Users/qianhuangli/Desktop/Fall/EA/assignment3/EA_3/sim_try/glad/include,
					/opt/local/include,
				);
				LIBRARY_SEARCH_PATHS = (
					"$(inherited)",
					/opt/local/lib,
				);
				PRODUCT_NAME = "$(TARGET_NAME)";
				SYSTEM_HEADER_SEARCH_PATHS = (
					/opt/local/include/,
					/Users/qianhuangli/Desktop/CU_MECS4510_HW3/glad/include,
					/User/qianhuangli/Desktop/Fall/EA/assignment3/sim_try/sim_try,
				);
				USER_HEADER_SEARCH_PATHS = /Users/qianhuangli/Desktop/Fall/EA/aassignment3/sim_try/sim_try;
			};
			name = Release;
		};
/* End XCBuildConfiguration section */

/* Begin XCConfigurationList section */
		E06F01A8290F1A8000FF9687 /* Build configuration list for PBXProject "sim_try" */ = {
			isa = XCConfigurationList;
			buildConfigurations = (
				E06F01B2290F1A8000FF9687 /* Debug */,
				E06F01B3290F1A8000FF9687 /* Release */,
			);
			defaultConfigurationIsVisible = 0;
			defaultConfigurationName = Release;
		};
		E06F01B4290F1A8000FF9687 /* Build configuration list for PBXNativeTarget "sim_try" */ = {
			isa = XCConfigurationList;
			buildConfigurations = (
				E06F01B5290F1A8000FF9687 /* Debug */,
				E06F01B6290F1A8000FF9687 /* Release */,
			);
			defaultConfigurationIsVisible = 0;
			defaultConfigurationName = Release;
		};
/* End XCConfigurationList section */
	};
	rootObject = E06F01A5290F1A8000FF9687 /* Project object */;
}
